// !$*UTF8*$!
{
	archiveVersion = 1;
	classes = {
	};
	objectVersion = 46;
	objects = {

/* Begin PBXBuildFile section */
		1F61EC4F1D9B62F300BA283C /* AccessoryBrowserDelegate.swift in Sources */ = {isa = PBXBuildFile; fileRef = 1F61EC4E1D9B62F300BA283C /* AccessoryBrowserDelegate.swift */; };
		1F63B4111DA044DA0032A904 /* LightTableViewCell.swift in Sources */ = {isa = PBXBuildFile; fileRef = 1F63B4101DA044DA0032A904 /* LightTableViewCell.swift */; };
		1F63B4151DA046F00032A904 /* CellIdentifiers.swift in Sources */ = {isa = PBXBuildFile; fileRef = 1F63B4141DA046F00032A904 /* CellIdentifiers.swift */; };
		1F63B4191DA0520C0032A904 /* LightDataSource.swift in Sources */ = {isa = PBXBuildFile; fileRef = 1F63B4181DA0520C0032A904 /* LightDataSource.swift */; };
		1FA624C91D9B483300D23EA4 /* AppDelegate.swift in Sources */ = {isa = PBXBuildFile; fileRef = 1FA624C81D9B483300D23EA4 /* AppDelegate.swift */; };
		1FA624CB1D9B483300D23EA4 /* LightsViewController.swift in Sources */ = {isa = PBXBuildFile; fileRef = 1FA624CA1D9B483300D23EA4 /* LightsViewController.swift */; };
		1FA624CE1D9B483300D23EA4 /* Main.storyboard in Resources */ = {isa = PBXBuildFile; fileRef = 1FA624CC1D9B483300D23EA4 /* Main.storyboard */; };
		1FA624D11D9B483300D23EA4 /* Woah.xcdatamodeld in Sources */ = {isa = PBXBuildFile; fileRef = 1FA624CF1D9B483300D23EA4 /* Woah.xcdatamodeld */; };
		1FA624D31D9B483300D23EA4 /* Assets.xcassets in Resources */ = {isa = PBXBuildFile; fileRef = 1FA624D21D9B483300D23EA4 /* Assets.xcassets */; };
		1FA624D61D9B483300D23EA4 /* LaunchScreen.storyboard in Resources */ = {isa = PBXBuildFile; fileRef = 1FA624D41D9B483300D23EA4 /* LaunchScreen.storyboard */; };
		1FA624E11D9B483300D23EA4 /* WoahTests.swift in Sources */ = {isa = PBXBuildFile; fileRef = 1FA624E01D9B483300D23EA4 /* WoahTests.swift */; };
		1FA624EC1D9B483300D23EA4 /* WoahUITests.swift in Sources */ = {isa = PBXBuildFile; fileRef = 1FA624EB1D9B483300D23EA4 /* WoahUITests.swift */; };
		1FA624FC1D9B486F00D23EA4 /* HomeKit.framework in Frameworks */ = {isa = PBXBuildFile; fileRef = 1FA624FB1D9B486F00D23EA4 /* HomeKit.framework */; };
		1FA625021D9B4BC300D23EA4 /* HomeManager.swift in Sources */ = {isa = PBXBuildFile; fileRef = 1FA625011D9B4BC300D23EA4 /* HomeManager.swift */; };
		1FB075801DA19FCB008B3FA3 /* HMAccessory+Woah.swift in Sources */ = {isa = PBXBuildFile; fileRef = 1FB0757F1DA19FCB008B3FA3 /* HMAccessory+Woah.swift */; };
		1FB075831DA1CF82008B3FA3 /* UIView+Woah.swift in Sources */ = {isa = PBXBuildFile; fileRef = 1FB075821DA1CF82008B3FA3 /* UIView+Woah.swift */; };
		1FB075851DA1D0E8008B3FA3 /* ColorPickerView.swift in Sources */ = {isa = PBXBuildFile; fileRef = 1FB075841DA1D0E8008B3FA3 /* ColorPickerView.swift */; };
/* End PBXBuildFile section */

/* Begin PBXContainerItemProxy section */
		1FA624DD1D9B483300D23EA4 /* PBXContainerItemProxy */ = {
			isa = PBXContainerItemProxy;
			containerPortal = 1FA624BD1D9B483200D23EA4 /* Project object */;
			proxyType = 1;
			remoteGlobalIDString = 1FA624C41D9B483300D23EA4;
			remoteInfo = Woah;
		};
		1FA624E81D9B483300D23EA4 /* PBXContainerItemProxy */ = {
			isa = PBXContainerItemProxy;
			containerPortal = 1FA624BD1D9B483200D23EA4 /* Project object */;
			proxyType = 1;
			remoteGlobalIDString = 1FA624C41D9B483300D23EA4;
			remoteInfo = Woah;
		};
/* End PBXContainerItemProxy section */

/* Begin PBXFileReference section */
		1F61EC4E1D9B62F300BA283C /* AccessoryBrowserDelegate.swift */ = {isa = PBXFileReference; fileEncoding = 4; lastKnownFileType = sourcecode.swift; name = AccessoryBrowserDelegate.swift; path = Accessories/AccessoryBrowserDelegate.swift; sourceTree = "<group>"; };
		1F63B4101DA044DA0032A904 /* LightTableViewCell.swift */ = {isa = PBXFileReference; fileEncoding = 4; lastKnownFileType = sourcecode.swift; path = LightTableViewCell.swift; sourceTree = "<group>"; };
		1F63B4141DA046F00032A904 /* CellIdentifiers.swift */ = {isa = PBXFileReference; fileEncoding = 4; lastKnownFileType = sourcecode.swift; path = CellIdentifiers.swift; sourceTree = "<group>"; };
		1F63B4181DA0520C0032A904 /* LightDataSource.swift */ = {isa = PBXFileReference; fileEncoding = 4; lastKnownFileType = sourcecode.swift; name = LightDataSource.swift; path = Accessories/LightDataSource.swift; sourceTree = "<group>"; };
		1FA624C51D9B483300D23EA4 /* Woah.app */ = {isa = PBXFileReference; explicitFileType = wrapper.application; includeInIndex = 0; path = Woah.app; sourceTree = BUILT_PRODUCTS_DIR; };
		1FA624C81D9B483300D23EA4 /* AppDelegate.swift */ = {isa = PBXFileReference; lastKnownFileType = sourcecode.swift; path = AppDelegate.swift; sourceTree = "<group>"; };
		1FA624CA1D9B483300D23EA4 /* LightsViewController.swift */ = {isa = PBXFileReference; lastKnownFileType = sourcecode.swift; path = LightsViewController.swift; sourceTree = "<group>"; };
		1FA624CD1D9B483300D23EA4 /* Base */ = {isa = PBXFileReference; lastKnownFileType = file.storyboard; name = Base; path = Base.lproj/Main.storyboard; sourceTree = "<group>"; };
		1FA624D01D9B483300D23EA4 /* Woah.xcdatamodel */ = {isa = PBXFileReference; lastKnownFileType = wrapper.xcdatamodel; path = Woah.xcdatamodel; sourceTree = "<group>"; };
		1FA624D21D9B483300D23EA4 /* Assets.xcassets */ = {isa = PBXFileReference; lastKnownFileType = folder.assetcatalog; path = Assets.xcassets; sourceTree = "<group>"; };
		1FA624D51D9B483300D23EA4 /* Base */ = {isa = PBXFileReference; lastKnownFileType = file.storyboard; name = Base; path = Base.lproj/LaunchScreen.storyboard; sourceTree = "<group>"; };
		1FA624D71D9B483300D23EA4 /* Info.plist */ = {isa = PBXFileReference; lastKnownFileType = text.plist.xml; path = Info.plist; sourceTree = "<group>"; };
		1FA624DC1D9B483300D23EA4 /* WoahTests.xctest */ = {isa = PBXFileReference; explicitFileType = wrapper.cfbundle; includeInIndex = 0; path = WoahTests.xctest; sourceTree = BUILT_PRODUCTS_DIR; };
		1FA624E01D9B483300D23EA4 /* WoahTests.swift */ = {isa = PBXFileReference; lastKnownFileType = sourcecode.swift; path = WoahTests.swift; sourceTree = "<group>"; };
		1FA624E21D9B483300D23EA4 /* Info.plist */ = {isa = PBXFileReference; lastKnownFileType = text.plist.xml; path = Info.plist; sourceTree = "<group>"; };
		1FA624E71D9B483300D23EA4 /* WoahUITests.xctest */ = {isa = PBXFileReference; explicitFileType = wrapper.cfbundle; includeInIndex = 0; path = WoahUITests.xctest; sourceTree = BUILT_PRODUCTS_DIR; };
		1FA624EB1D9B483300D23EA4 /* WoahUITests.swift */ = {isa = PBXFileReference; lastKnownFileType = sourcecode.swift; path = WoahUITests.swift; sourceTree = "<group>"; };
		1FA624ED1D9B483300D23EA4 /* Info.plist */ = {isa = PBXFileReference; lastKnownFileType = text.plist.xml; path = Info.plist; sourceTree = "<group>"; };
		1FA624F91D9B486600D23EA4 /* Woah.entitlements */ = {isa = PBXFileReference; lastKnownFileType = text.plist.entitlements; path = Woah.entitlements; sourceTree = "<group>"; };
		1FA624FB1D9B486F00D23EA4 /* HomeKit.framework */ = {isa = PBXFileReference; lastKnownFileType = wrapper.framework; name = HomeKit.framework; path = System/Library/Frameworks/HomeKit.framework; sourceTree = SDKROOT; };
		1FA625011D9B4BC300D23EA4 /* HomeManager.swift */ = {isa = PBXFileReference; fileEncoding = 4; lastKnownFileType = sourcecode.swift; name = HomeManager.swift; path = Homes/HomeManager.swift; sourceTree = "<group>"; };
		1FB0757F1DA19FCB008B3FA3 /* HMAccessory+Woah.swift */ = {isa = PBXFileReference; fileEncoding = 4; lastKnownFileType = sourcecode.swift; path = "HMAccessory+Woah.swift"; sourceTree = "<group>"; };
		1FB075821DA1CF82008B3FA3 /* UIView+Woah.swift */ = {isa = PBXFileReference; fileEncoding = 4; lastKnownFileType = sourcecode.swift; path = "UIView+Woah.swift"; sourceTree = "<group>"; };
		1FB075841DA1D0E8008B3FA3 /* ColorPickerView.swift */ = {isa = PBXFileReference; fileEncoding = 4; lastKnownFileType = sourcecode.swift; path = ColorPickerView.swift; sourceTree = "<group>"; };
/* End PBXFileReference section */

/* Begin PBXFrameworksBuildPhase section */
		1FA624C21D9B483300D23EA4 /* Frameworks */ = {
			isa = PBXFrameworksBuildPhase;
			buildActionMask = 2147483647;
			files = (
				1FA624FC1D9B486F00D23EA4 /* HomeKit.framework in Frameworks */,
			);
			runOnlyForDeploymentPostprocessing = 0;
		};
		1FA624D91D9B483300D23EA4 /* Frameworks */ = {
			isa = PBXFrameworksBuildPhase;
			buildActionMask = 2147483647;
			files = (
			);
			runOnlyForDeploymentPostprocessing = 0;
		};
		1FA624E41D9B483300D23EA4 /* Frameworks */ = {
			isa = PBXFrameworksBuildPhase;
			buildActionMask = 2147483647;
			files = (
			);
			runOnlyForDeploymentPostprocessing = 0;
		};
/* End PBXFrameworksBuildPhase section */

/* Begin PBXGroup section */
		1F61EC4B1D9B62AB00BA283C /* Accessories */ = {
			isa = PBXGroup;
			children = (
				1F63B4121DA044DF0032A904 /* Lights */,
				1F61EC4E1D9B62F300BA283C /* AccessoryBrowserDelegate.swift */,
			);
			name = Accessories;
			sourceTree = "<group>";
		};
		1F63B4121DA044DF0032A904 /* Lights */ = {
			isa = PBXGroup;
			children = (
				1FA624CA1D9B483300D23EA4 /* LightsViewController.swift */,
				1F63B4101DA044DA0032A904 /* LightTableViewCell.swift */,
				1F63B4181DA0520C0032A904 /* LightDataSource.swift */,
			);
			name = Lights;
			sourceTree = "<group>";
		};
		1F63B4131DA046DC0032A904 /* Identifiers */ = {
			isa = PBXGroup;
			children = (
				1F63B4141DA046F00032A904 /* CellIdentifiers.swift */,
			);
			name = Identifiers;
			sourceTree = "<group>";
		};
		1FA624BC1D9B483200D23EA4 = {
			isa = PBXGroup;
			children = (
				1FA624C71D9B483300D23EA4 /* Woah */,
				1FA624DF1D9B483300D23EA4 /* WoahTests */,
				1FA624EA1D9B483300D23EA4 /* WoahUITests */,
				1FA624C61D9B483300D23EA4 /* Products */,
				1FA624FA1D9B486F00D23EA4 /* Frameworks */,
			);
			sourceTree = "<group>";
		};
		1FA624C61D9B483300D23EA4 /* Products */ = {
			isa = PBXGroup;
			children = (
				1FA624C51D9B483300D23EA4 /* Woah.app */,
				1FA624DC1D9B483300D23EA4 /* WoahTests.xctest */,
				1FA624E71D9B483300D23EA4 /* WoahUITests.xctest */,
			);
			name = Products;
			sourceTree = "<group>";
		};
		1FA624C71D9B483300D23EA4 /* Woah */ = {
			isa = PBXGroup;
			children = (
				1FB0757E1DA19FB9008B3FA3 /* Extensions */,
				1F63B4131DA046DC0032A904 /* Identifiers */,
				1FA624FD1D9B4AEC00D23EA4 /* HomeKit */,
				1FA624F91D9B486600D23EA4 /* Woah.entitlements */,
				1FA624C81D9B483300D23EA4 /* AppDelegate.swift */,
				1FA624CC1D9B483300D23EA4 /* Main.storyboard */,
				1FA624D21D9B483300D23EA4 /* Assets.xcassets */,
				1FA624D41D9B483300D23EA4 /* LaunchScreen.storyboard */,
				1FA624D71D9B483300D23EA4 /* Info.plist */,
				1FA624CF1D9B483300D23EA4 /* Woah.xcdatamodeld */,
			);
			path = Woah;
			sourceTree = "<group>";
		};
		1FA624DF1D9B483300D23EA4 /* WoahTests */ = {
			isa = PBXGroup;
			children = (
				1FA624E01D9B483300D23EA4 /* WoahTests.swift */,
				1FA624E21D9B483300D23EA4 /* Info.plist */,
			);
			path = WoahTests;
			sourceTree = "<group>";
		};
		1FA624EA1D9B483300D23EA4 /* WoahUITests */ = {
			isa = PBXGroup;
			children = (
				1FA624EB1D9B483300D23EA4 /* WoahUITests.swift */,
				1FA624ED1D9B483300D23EA4 /* Info.plist */,
			);
			path = WoahUITests;
			sourceTree = "<group>";
		};
		1FA624FA1D9B486F00D23EA4 /* Frameworks */ = {
			isa = PBXGroup;
			children = (
				1FA624FB1D9B486F00D23EA4 /* HomeKit.framework */,
			);
			name = Frameworks;
			sourceTree = "<group>";
		};
		1FA624FD1D9B4AEC00D23EA4 /* HomeKit */ = {
			isa = PBXGroup;
			children = (
				1FB075811DA1CF36008B3FA3 /* Color Picker */,
				1F61EC4B1D9B62AB00BA283C /* Accessories */,
				1FA624FE1D9B4AF500D23EA4 /* Homes */,
			);
			name = HomeKit;
			sourceTree = "<group>";
		};
		1FA624FE1D9B4AF500D23EA4 /* Homes */ = {
			isa = PBXGroup;
			children = (
				1FA625011D9B4BC300D23EA4 /* HomeManager.swift */,
			);
			name = Homes;
			sourceTree = "<group>";
		};
		1FB0757E1DA19FB9008B3FA3 /* Extensions */ = {
			isa = PBXGroup;
			children = (
				1FB075821DA1CF82008B3FA3 /* UIView+Woah.swift */,
				1FB0757F1DA19FCB008B3FA3 /* HMAccessory+Woah.swift */,
			);
			name = Extensions;
			sourceTree = "<group>";
		};
		1FB075811DA1CF36008B3FA3 /* Color Picker */ = {
			isa = PBXGroup;
			children = (
				1FB075841DA1D0E8008B3FA3 /* ColorPickerView.swift */,
			);
			name = "Color Picker";
			sourceTree = "<group>";
		};
/* End PBXGroup section */

/* Begin PBXNativeTarget section */
		1FA624C41D9B483300D23EA4 /* Woah */ = {
			isa = PBXNativeTarget;
			buildConfigurationList = 1FA624F01D9B483300D23EA4 /* Build configuration list for PBXNativeTarget "Woah" */;
			buildPhases = (
				1FA624C11D9B483300D23EA4 /* Sources */,
				1FA624C21D9B483300D23EA4 /* Frameworks */,
				1FA624C31D9B483300D23EA4 /* Resources */,
			);
			buildRules = (
			);
			dependencies = (
			);
			name = Woah;
			productName = Woah;
			productReference = 1FA624C51D9B483300D23EA4 /* Woah.app */;
			productType = "com.apple.product-type.application";
		};
		1FA624DB1D9B483300D23EA4 /* WoahTests */ = {
			isa = PBXNativeTarget;
			buildConfigurationList = 1FA624F31D9B483300D23EA4 /* Build configuration list for PBXNativeTarget "WoahTests" */;
			buildPhases = (
				1FA624D81D9B483300D23EA4 /* Sources */,
				1FA624D91D9B483300D23EA4 /* Frameworks */,
				1FA624DA1D9B483300D23EA4 /* Resources */,
			);
			buildRules = (
			);
			dependencies = (
				1FA624DE1D9B483300D23EA4 /* PBXTargetDependency */,
			);
			name = WoahTests;
			productName = WoahTests;
			productReference = 1FA624DC1D9B483300D23EA4 /* WoahTests.xctest */;
			productType = "com.apple.product-type.bundle.unit-test";
		};
		1FA624E61D9B483300D23EA4 /* WoahUITests */ = {
			isa = PBXNativeTarget;
			buildConfigurationList = 1FA624F61D9B483300D23EA4 /* Build configuration list for PBXNativeTarget "WoahUITests" */;
			buildPhases = (
				1FA624E31D9B483300D23EA4 /* Sources */,
				1FA624E41D9B483300D23EA4 /* Frameworks */,
				1FA624E51D9B483300D23EA4 /* Resources */,
			);
			buildRules = (
			);
			dependencies = (
				1FA624E91D9B483300D23EA4 /* PBXTargetDependency */,
			);
			name = WoahUITests;
			productName = WoahUITests;
			productReference = 1FA624E71D9B483300D23EA4 /* WoahUITests.xctest */;
			productType = "com.apple.product-type.bundle.ui-testing";
		};
/* End PBXNativeTarget section */

/* Begin PBXProject section */
		1FA624BD1D9B483200D23EA4 /* Project object */ = {
			isa = PBXProject;
			attributes = {
				LastSwiftUpdateCheck = 0800;
				LastUpgradeCheck = 0800;
				ORGANIZATIONNAME = "Jeff Small";
				TargetAttributes = {
					1FA624C41D9B483300D23EA4 = {
						CreatedOnToolsVersion = 8.0;
						DevelopmentTeam = GDP24D6J8J;
						ProvisioningStyle = Automatic;
						SystemCapabilities = {
							com.apple.HomeKit = {
								enabled = 1;
							};
							com.apple.Siri = {
								enabled = 1;
							};
						};
					};
					1FA624DB1D9B483300D23EA4 = {
						CreatedOnToolsVersion = 8.0;
						DevelopmentTeam = GDP24D6J8J;
						ProvisioningStyle = Automatic;
						TestTargetID = 1FA624C41D9B483300D23EA4;
					};
					1FA624E61D9B483300D23EA4 = {
						CreatedOnToolsVersion = 8.0;
						DevelopmentTeam = GDP24D6J8J;
						ProvisioningStyle = Automatic;
						TestTargetID = 1FA624C41D9B483300D23EA4;
					};
				};
			};
			buildConfigurationList = 1FA624C01D9B483200D23EA4 /* Build configuration list for PBXProject "Woah" */;
			compatibilityVersion = "Xcode 3.2";
			developmentRegion = English;
			hasScannedForEncodings = 0;
			knownRegions = (
				en,
				Base,
			);
			mainGroup = 1FA624BC1D9B483200D23EA4;
			productRefGroup = 1FA624C61D9B483300D23EA4 /* Products */;
			projectDirPath = "";
			projectRoot = "";
			targets = (
				1FA624C41D9B483300D23EA4 /* Woah */,
				1FA624DB1D9B483300D23EA4 /* WoahTests */,
				1FA624E61D9B483300D23EA4 /* WoahUITests */,
			);
		};
/* End PBXProject section */

/* Begin PBXResourcesBuildPhase section */
		1FA624C31D9B483300D23EA4 /* Resources */ = {
			isa = PBXResourcesBuildPhase;
			buildActionMask = 2147483647;
			files = (
				1FA624D61D9B483300D23EA4 /* LaunchScreen.storyboard in Resources */,
				1FA624D31D9B483300D23EA4 /* Assets.xcassets in Resources */,
				1FA624CE1D9B483300D23EA4 /* Main.storyboard in Resources */,
			);
			runOnlyForDeploymentPostprocessing = 0;
		};
		1FA624DA1D9B483300D23EA4 /* Resources */ = {
			isa = PBXResourcesBuildPhase;
			buildActionMask = 2147483647;
			files = (
			);
			runOnlyForDeploymentPostprocessing = 0;
		};
		1FA624E51D9B483300D23EA4 /* Resources */ = {
			isa = PBXResourcesBuildPhase;
			buildActionMask = 2147483647;
			files = (
			);
			runOnlyForDeploymentPostprocessing = 0;
		};
/* End PBXResourcesBuildPhase section */

/* Begin PBXSourcesBuildPhase section */
		1FA624C11D9B483300D23EA4 /* Sources */ = {
			isa = PBXSourcesBuildPhase;
			buildActionMask = 2147483647;
			files = (
				1FA625021D9B4BC300D23EA4 /* HomeManager.swift in Sources */,
				1F61EC4F1D9B62F300BA283C /* AccessoryBrowserDelegate.swift in Sources */,
				1FA624D11D9B483300D23EA4 /* Woah.xcdatamodeld in Sources */,
				1FB075801DA19FCB008B3FA3 /* HMAccessory+Woah.swift in Sources */,
				1F63B4191DA0520C0032A904 /* LightDataSource.swift in Sources */,
				1F63B4111DA044DA0032A904 /* LightTableViewCell.swift in Sources */,
				1FA624CB1D9B483300D23EA4 /* LightsViewController.swift in Sources */,
				1FB075851DA1D0E8008B3FA3 /* ColorPickerView.swift in Sources */,
				1F63B4151DA046F00032A904 /* CellIdentifiers.swift in Sources */,
				1FA624C91D9B483300D23EA4 /* AppDelegate.swift in Sources */,
				1FB075831DA1CF82008B3FA3 /* UIView+Woah.swift in Sources */,
			);
			runOnlyForDeploymentPostprocessing = 0;
		};
		1FA624D81D9B483300D23EA4 /* Sources */ = {
			isa = PBXSourcesBuildPhase;
			buildActionMask = 2147483647;
			files = (
				1FA624E11D9B483300D23EA4 /* WoahTests.swift in Sources */,
			);
			runOnlyForDeploymentPostprocessing = 0;
		};
		1FA624E31D9B483300D23EA4 /* Sources */ = {
			isa = PBXSourcesBuildPhase;
			buildActionMask = 2147483647;
			files = (
				1FA624EC1D9B483300D23EA4 /* WoahUITests.swift in Sources */,
			);
			runOnlyForDeploymentPostprocessing = 0;
		};
/* End PBXSourcesBuildPhase section */

/* Begin PBXTargetDependency section */
		1FA624DE1D9B483300D23EA4 /* PBXTargetDependency */ = {
			isa = PBXTargetDependency;
			target = 1FA624C41D9B483300D23EA4 /* Woah */;
			targetProxy = 1FA624DD1D9B483300D23EA4 /* PBXContainerItemProxy */;
		};
		1FA624E91D9B483300D23EA4 /* PBXTargetDependency */ = {
			isa = PBXTargetDependency;
			target = 1FA624C41D9B483300D23EA4 /* Woah */;
			targetProxy = 1FA624E81D9B483300D23EA4 /* PBXContainerItemProxy */;
		};
/* End PBXTargetDependency section */

/* Begin PBXVariantGroup section */
		1FA624CC1D9B483300D23EA4 /* Main.storyboard */ = {
			isa = PBXVariantGroup;
			children = (
				1FA624CD1D9B483300D23EA4 /* Base */,
			);
			name = Main.storyboard;
			sourceTree = "<group>";
		};
		1FA624D41D9B483300D23EA4 /* LaunchScreen.storyboard */ = {
			isa = PBXVariantGroup;
			children = (
				1FA624D51D9B483300D23EA4 /* Base */,
			);
			name = LaunchScreen.storyboard;
			sourceTree = "<group>";
		};
/* End PBXVariantGroup section */

/* Begin XCBuildConfiguration section */
		1FA624EE1D9B483300D23EA4 /* Debug */ = {
			isa = XCBuildConfiguration;
			buildSettings = {
				ALWAYS_SEARCH_USER_PATHS = NO;
				CLANG_ANALYZER_NONNULL = YES;
				CLANG_CXX_LANGUAGE_STANDARD = "gnu++0x";
				CLANG_CXX_LIBRARY = "libc++";
				CLANG_ENABLE_MODULES = YES;
				CLANG_ENABLE_OBJC_ARC = YES;
				CLANG_WARN_BOOL_CONVERSION = YES;
				CLANG_WARN_CONSTANT_CONVERSION = YES;
				CLANG_WARN_DIRECT_OBJC_ISA_USAGE = YES_ERROR;
				CLANG_WARN_DOCUMENTATION_COMMENTS = YES;
				CLANG_WARN_EMPTY_BODY = YES;
				CLANG_WARN_ENUM_CONVERSION = YES;
				CLANG_WARN_INFINITE_RECURSION = YES;
				CLANG_WARN_INT_CONVERSION = YES;
				CLANG_WARN_OBJC_ROOT_CLASS = YES_ERROR;
				CLANG_WARN_SUSPICIOUS_MOVES = YES;
				CLANG_WARN_UNREACHABLE_CODE = YES;
				CLANG_WARN__DUPLICATE_METHOD_MATCH = YES;
				"CODE_SIGN_IDENTITY[sdk=iphoneos*]" = "iPhone Developer";
				COPY_PHASE_STRIP = NO;
				DEBUG_INFORMATION_FORMAT = dwarf;
				ENABLE_STRICT_OBJC_MSGSEND = YES;
				ENABLE_TESTABILITY = YES;
				GCC_C_LANGUAGE_STANDARD = gnu99;
				GCC_DYNAMIC_NO_PIC = NO;
				GCC_NO_COMMON_BLOCKS = YES;
				GCC_OPTIMIZATION_LEVEL = 0;
				GCC_PREPROCESSOR_DEFINITIONS = (
					"DEBUG=1",
					"$(inherited)",
				);
				GCC_WARN_64_TO_32_BIT_CONVERSION = YES;
				GCC_WARN_ABOUT_RETURN_TYPE = YES_ERROR;
				GCC_WARN_UNDECLARED_SELECTOR = YES;
				GCC_WARN_UNINITIALIZED_AUTOS = YES_AGGRESSIVE;
				GCC_WARN_UNUSED_FUNCTION = YES;
				GCC_WARN_UNUSED_VARIABLE = YES;
				IPHONEOS_DEPLOYMENT_TARGET = 10.0;
				MTL_ENABLE_DEBUG_INFO = YES;
				ONLY_ACTIVE_ARCH = YES;
				SDKROOT = iphoneos;
				SWIFT_ACTIVE_COMPILATION_CONDITIONS = DEBUG;
				SWIFT_OPTIMIZATION_LEVEL = "-Onone";
				TARGETED_DEVICE_FAMILY = "1,2";
			};
			name = Debug;
		};
		1FA624EF1D9B483300D23EA4 /* Release */ = {
			isa = XCBuildConfiguration;
			buildSettings = {
				ALWAYS_SEARCH_USER_PATHS = NO;
				CLANG_ANALYZER_NONNULL = YES;
				CLANG_CXX_LANGUAGE_STANDARD = "gnu++0x";
				CLANG_CXX_LIBRARY = "libc++";
				CLANG_ENABLE_MODULES = YES;
				CLANG_ENABLE_OBJC_ARC = YES;
				CLANG_WARN_BOOL_CONVERSION = YES;
				CLANG_WARN_CONSTANT_CONVERSION = YES;
				CLANG_WARN_DIRECT_OBJC_ISA_USAGE = YES_ERROR;
				CLANG_WARN_DOCUMENTATION_COMMENTS = YES;
				CLANG_WARN_EMPTY_BODY = YES;
				CLANG_WARN_ENUM_CONVERSION = YES;
				CLANG_WARN_INFINITE_RECURSION = YES;
				CLANG_WARN_INT_CONVERSION = YES;
				CLANG_WARN_OBJC_ROOT_CLASS = YES_ERROR;
				CLANG_WARN_SUSPICIOUS_MOVES = YES;
				CLANG_WARN_UNREACHABLE_CODE = YES;
				CLANG_WARN__DUPLICATE_METHOD_MATCH = YES;
				"CODE_SIGN_IDENTITY[sdk=iphoneos*]" = "iPhone Developer";
				COPY_PHASE_STRIP = NO;
				DEBUG_INFORMATION_FORMAT = "dwarf-with-dsym";
				ENABLE_NS_ASSERTIONS = NO;
				ENABLE_STRICT_OBJC_MSGSEND = YES;
				GCC_C_LANGUAGE_STANDARD = gnu99;
				GCC_NO_COMMON_BLOCKS = YES;
				GCC_WARN_64_TO_32_BIT_CONVERSION = YES;
				GCC_WARN_ABOUT_RETURN_TYPE = YES_ERROR;
				GCC_WARN_UNDECLARED_SELECTOR = YES;
				GCC_WARN_UNINITIALIZED_AUTOS = YES_AGGRESSIVE;
				GCC_WARN_UNUSED_FUNCTION = YES;
				GCC_WARN_UNUSED_VARIABLE = YES;
				IPHONEOS_DEPLOYMENT_TARGET = 10.0;
				MTL_ENABLE_DEBUG_INFO = NO;
				SDKROOT = iphoneos;
				SWIFT_OPTIMIZATION_LEVEL = "-Owholemodule";
				TARGETED_DEVICE_FAMILY = "1,2";
				VALIDATE_PRODUCT = YES;
			};
			name = Release;
		};
		1FA624F11D9B483300D23EA4 /* Debug */ = {
			isa = XCBuildConfiguration;
			buildSettings = {
				ASSETCATALOG_COMPILER_APPICON_NAME = AppIcon;
				CODE_SIGN_ENTITLEMENTS = Woah/Woah.entitlements;
				DEVELOPMENT_TEAM = GDP24D6J8J;
				INFOPLIST_FILE = Woah/Info.plist;
				LD_RUNPATH_SEARCH_PATHS = "$(inherited) @executable_path/Frameworks";
				PRODUCT_BUNDLE_IDENTIFIER = com.small.jeff.Woah;
				PRODUCT_NAME = "$(TARGET_NAME)";
				SWIFT_VERSION = 3.0;
			};
			name = Debug;
		};
		1FA624F21D9B483300D23EA4 /* Release */ = {
			isa = XCBuildConfiguration;
			buildSettings = {
				ASSETCATALOG_COMPILER_APPICON_NAME = AppIcon;
				CODE_SIGN_ENTITLEMENTS = Woah/Woah.entitlements;
				DEVELOPMENT_TEAM = GDP24D6J8J;
				INFOPLIST_FILE = Woah/Info.plist;
				LD_RUNPATH_SEARCH_PATHS = "$(inherited) @executable_path/Frameworks";
				PRODUCT_BUNDLE_IDENTIFIER = com.small.jeff.Woah;
				PRODUCT_NAME = "$(TARGET_NAME)";
				SWIFT_VERSION = 3.0;
			};
			name = Release;
		};
		1FA624F41D9B483300D23EA4 /* Debug */ = {
			isa = XCBuildConfiguration;
			buildSettings = {
				ALWAYS_EMBED_SWIFT_STANDARD_LIBRARIES = YES;
				BUNDLE_LOADER = "$(TEST_HOST)";
				DEVELOPMENT_TEAM = GDP24D6J8J;
				INFOPLIST_FILE = WoahTests/Info.plist;
				LD_RUNPATH_SEARCH_PATHS = "$(inherited) @executable_path/Frameworks @loader_path/Frameworks";
				PRODUCT_BUNDLE_IDENTIFIER = com.small.jeff.WoahTests;
				PRODUCT_NAME = "$(TARGET_NAME)";
				SWIFT_VERSION = 3.0;
				TEST_HOST = "$(BUILT_PRODUCTS_DIR)/Woah.app/Woah";
			};
			name = Debug;
		};
		1FA624F51D9B483300D23EA4 /* Release */ = {
			isa = XCBuildConfiguration;
			buildSettings = {
				ALWAYS_EMBED_SWIFT_STANDARD_LIBRARIES = YES;
				BUNDLE_LOADER = "$(TEST_HOST)";
				DEVELOPMENT_TEAM = GDP24D6J8J;
				INFOPLIST_FILE = WoahTests/Info.plist;
				LD_RUNPATH_SEARCH_PATHS = "$(inherited) @executable_path/Frameworks @loader_path/Frameworks";
				PRODUCT_BUNDLE_IDENTIFIER = com.small.jeff.WoahTests;
				PRODUCT_NAME = "$(TARGET_NAME)";
				SWIFT_VERSION = 3.0;
				TEST_HOST = "$(BUILT_PRODUCTS_DIR)/Woah.app/Woah";
			};
			name = Release;
		};
		1FA624F71D9B483300D23EA4 /* Debug */ = {
			isa = XCBuildConfiguration;
			buildSettings = {
				ALWAYS_EMBED_SWIFT_STANDARD_LIBRARIES = YES;
				DEVELOPMENT_TEAM = GDP24D6J8J;
				INFOPLIST_FILE = WoahUITests/Info.plist;
				LD_RUNPATH_SEARCH_PATHS = "$(inherited) @executable_path/Frameworks @loader_path/Frameworks";
				PRODUCT_BUNDLE_IDENTIFIER = com.small.jeff.WoahUITests;
				PRODUCT_NAME = "$(TARGET_NAME)";
				SWIFT_VERSION = 3.0;
				TEST_TARGET_NAME = Woah;
			};
			name = Debug;
		};
		1FA624F81D9B483300D23EA4 /* Release */ = {
			isa = XCBuildConfiguration;
			buildSettings = {
				ALWAYS_EMBED_SWIFT_STANDARD_LIBRARIES = YES;
				DEVELOPMENT_TEAM = GDP24D6J8J;
				INFOPLIST_FILE = WoahUITests/Info.plist;
				LD_RUNPATH_SEARCH_PATHS = "$(inherited) @executable_path/Frameworks @loader_path/Frameworks";
				PRODUCT_BUNDLE_IDENTIFIER = com.small.jeff.WoahUITests;
				PRODUCT_NAME = "$(TARGET_NAME)";
				SWIFT_VERSION = 3.0;
				TEST_TARGET_NAME = Woah;
			};
			name = Release;
		};
/* End XCBuildConfiguration section */

/* Begin XCConfigurationList section */
		1FA624C01D9B483200D23EA4 /* Build configuration list for PBXProject "Woah" */ = {
			isa = XCConfigurationList;
			buildConfigurations = (
				1FA624EE1D9B483300D23EA4 /* Debug */,
				1FA624EF1D9B483300D23EA4 /* Release */,
			);
			defaultConfigurationIsVisible = 0;
			defaultConfigurationName = Release;
		};
		1FA624F01D9B483300D23EA4 /* Build configuration list for PBXNativeTarget "Woah" */ = {
			isa = XCConfigurationList;
			buildConfigurations = (
				1FA624F11D9B483300D23EA4 /* Debug */,
				1FA624F21D9B483300D23EA4 /* Release */,
			);
			defaultConfigurationIsVisible = 0;
			defaultConfigurationName = Release;
		};
		1FA624F31D9B483300D23EA4 /* Build configuration list for PBXNativeTarget "WoahTests" */ = {
			isa = XCConfigurationList;
			buildConfigurations = (
				1FA624F41D9B483300D23EA4 /* Debug */,
				1FA624F51D9B483300D23EA4 /* Release */,
			);
			defaultConfigurationIsVisible = 0;
			defaultConfigurationName = Release;
		};
		1FA624F61D9B483300D23EA4 /* Build configuration list for PBXNativeTarget "WoahUITests" */ = {
			isa = XCConfigurationList;
			buildConfigurations = (
				1FA624F71D9B483300D23EA4 /* Debug */,
				1FA624F81D9B483300D23EA4 /* Release */,
			);
			defaultConfigurationIsVisible = 0;
			defaultConfigurationName = Release;
		};
/* End XCConfigurationList section */

/* Begin XCVersionGroup section */
		1FA624CF1D9B483300D23EA4 /* Woah.xcdatamodeld */ = {
			isa = XCVersionGroup;
			children = (
				1FA624D01D9B483300D23EA4 /* Woah.xcdatamodel */,
			);
			currentVersion = 1FA624D01D9B483300D23EA4 /* Woah.xcdatamodel */;
			path = Woah.xcdatamodeld;
			sourceTree = "<group>";
			versionGroupType = wrapper.xcdatamodel;
		};
/* End XCVersionGroup section */
	};
	rootObject = 1FA624BD1D9B483200D23EA4 /* Project object */;
}
